[[package]]
name = "asyncio"
version = "3.4.3"
description = "reference implementation of PEP 3156"
category = "main"
optional = false
python-versions = "*"

[[package]]
name = "configparser"
version = "5.3.0"
description = "Updated configparser from stdlib for earlier Pythons."
category = "main"
optional = false
python-versions = ">=3.7"

[package.extras]
docs = ["jaraco.packaging (>=9)", "jaraco.tidelift (>=1.4)", "rst.linker (>=1.9)", "sphinx"]
testing = ["flake8 (<5)", "pytest (>=6)", "pytest-black (>=0.3.7)", "pytest-checkdocs (>=2.4)", "pytest-cov", "pytest-enabler (>=1.3)", "pytest-flake8", "pytest-mypy (>=0.9.1)", "types-backports"]

[[package]]
name = "pyaes"
version = "1.6.1"
description = "Pure-Python Implementation of the AES block-cipher and common modes of operation"
category = "main"
optional = false
python-versions = "*"

[[package]]
name = "pyasn1"
version = "0.4.8"
description = "ASN.1 types and codecs"
category = "main"
optional = false
python-versions = "*"

[[package]]
name = "rsa"
version = "4.9"
description = "Pure-Python RSA implementation"
category = "main"
optional = false
python-versions = ">=3.6,<4"

[package.dependencies]
pyasn1 = ">=0.1.3"

[[package]]
name = "Telethon"
version = "1.25.0"
description = "Full-featured Telegram client library for Python 3"
category = "main"
optional = false
python-versions = ">=3.5"

[package.dependencies]
pyaes = "*"
rsa = "*"

[package.extras]
cryptg = ["cryptg"]

[metadata]
lock-version = "1.1"
python-versions = "^3.10"
content-hash = "5ebe903015079ee1b47c74a614a94685c5f4db84cb3f99adecadc03c532f5d9c"

[metadata.files]
asyncio = [
    {file = "asyncio-3.4.3-cp33-none-win32.whl", hash = "sha256:b62c9157d36187eca799c378e572c969f0da87cd5fc42ca372d92cdb06e7e1de"},
    {file = "asyncio-3.4.3-cp33-none-win_amd64.whl", hash = "sha256:c46a87b48213d7464f22d9a497b9eef8c1928b68320a2fa94240f969f6fec08c"},
    {file = "asyncio-3.4.3-py3-none-any.whl", hash = "sha256:c4d18b22701821de07bd6aea8b53d21449ec0ec5680645e5317062ea21817d2d"},
    {file = "asyncio-3.4.3.tar.gz", hash = "sha256:83360ff8bc97980e4ff25c964c7bd3923d333d177aa4f7fb736b019f26c7cb41"},
]
configparser = [
    {file = "configparser-5.3.0-py3-none-any.whl", hash = "sha256:b065779fd93c6bf4cee42202fa4351b4bb842e96a3fb469440e484517a49b9fa"},
    {file = "configparser-5.3.0.tar.gz", hash = "sha256:8be267824b541c09b08db124917f48ab525a6c3e837011f3130781a224c57090"},
]
pyaes = [
    {file = "pyaes-1.6.1.tar.gz", hash = "sha256:02c1b1405c38d3c370b085fb952dd8bea3fadcee6411ad99f312cc129c536d8f"},
]
pyasn1 = [
    {file = "pyasn1-0.4.8-py2.4.egg", hash = "sha256:fec3e9d8e36808a28efb59b489e4528c10ad0f480e57dcc32b4de5c9d8c9fdf3"},
    {file = "pyasn1-0.4.8-py2.5.egg", hash = "sha256:0458773cfe65b153891ac249bcf1b5f8f320b7c2ce462151f8fa74de8934becf"},
    {file = "pyasn1-0.4.8-py2.6.egg", hash = "sha256:5c9414dcfede6e441f7e8f81b43b34e834731003427e5b09e4e00e3172a10f00"},
    {file = "pyasn1-0.4.8-py2.7.egg", hash = "sha256:6e7545f1a61025a4e58bb336952c5061697da694db1cae97b116e9c46abcf7c8"},
    {file = "pyasn1-0.4.8-py2.py3-none-any.whl", hash = "sha256:39c7e2ec30515947ff4e87fb6f456dfc6e84857d34be479c9d4a4ba4bf46aa5d"},
    {file = "pyasn1-0.4.8-py3.1.egg", hash = "sha256:78fa6da68ed2727915c4767bb386ab32cdba863caa7dbe473eaae45f9959da86"},
    {file = "pyasn1-0.4.8-py3.2.egg", hash = "sha256:08c3c53b75eaa48d71cf8c710312316392ed40899cb34710d092e96745a358b7"},
    {file = "pyasn1-0.4.8-py3.3.egg", hash = "sha256:03840c999ba71680a131cfaee6fab142e1ed9bbd9c693e285cc6aca0d555e576"},
    {file = "pyasn1-0.4.8-py3.4.egg", hash = "sha256:7ab8a544af125fb704feadb008c99a88805126fb525280b2270bb25cc1d78a12"},
    {file = "pyasn1-0.4.8-py3.5.egg", hash = "sha256:e89bf84b5437b532b0803ba5c9a5e054d21fec423a89952a74f87fa2c9b7bce2"},
    {file = "pyasn1-0.4.8-py3.6.egg", hash = "sha256:014c0e9976956a08139dc0712ae195324a75e142284d5f87f1a87ee1b068a359"},
    {file = "pyasn1-0.4.8-py3.7.egg", hash = "sha256:99fcc3c8d804d1bc6d9a099921e39d827026409a58f2a720dcdb89374ea0c776"},
    {file = "pyasn1-0.4.8.tar.gz", hash = "sha256:aef77c9fb94a3ac588e87841208bdec464471d9871bd5050a287cc9a475cd0ba"},
]
rsa = [
    {file = "rsa-4.9-py3-none-any.whl", hash = "sha256:90260d9058e514786967344d0ef75fa8727eed8a7d2e43ce9f4bcf1b536174f7"},
    {file = "rsa-4.9.tar.gz", hash = "sha256:e38464a49c6c85d7f1351b0126661487a7e0a14a50f1675ec50eb34d4f20ef21"},
]
Telethon = [
    {file = "Telethon-1.25.0-py3-none-any.whl", hash = "sha256:964a38b50935cb591ddf2904863e504145c8530cd92d74a5eeda9a3fe2e1f73a"},
    {file = "Telethon-1.25.0.tar.gz", hash = "sha256:676d97b926e6d30dbed31d6c6e6611cdec9fc82759785cea55c4770b74614290"},
]
